// !$*UTF8*$!
{
	archiveVersion = 1;
	classes = {
	};
	objectVersion = 46;
	objects = {

/* Begin PBXBuildFile section */
		031BC89C1E43D8B90007BEA3 /* AppDelegate.swift in Sources */ = {isa = PBXBuildFile; fileRef = 031BC89B1E43D8B90007BEA3 /* AppDelegate.swift */; };
		031BC89E1E43D8B90007BEA3 /* SampleViewController.swift in Sources */ = {isa = PBXBuildFile; fileRef = 031BC89D1E43D8B90007BEA3 /* SampleViewController.swift */; };
		031BC8A31E43D8B90007BEA3 /* Assets.xcassets in Resources */ = {isa = PBXBuildFile; fileRef = 031BC8A21E43D8B90007BEA3 /* Assets.xcassets */; };
		031BC8A61E43D8B90007BEA3 /* LaunchScreen.storyboard in Resources */ = {isa = PBXBuildFile; fileRef = 031BC8A41E43D8B90007BEA3 /* LaunchScreen.storyboard */; };
		031BC8B91E44129C0007BEA3 /* DiscoveryViewController.swift in Sources */ = {isa = PBXBuildFile; fileRef = 031BC8B81E44129C0007BEA3 /* DiscoveryViewController.swift */; };
		DF3EA7A21FF783160032F2ED /* DCConnectionManager.m in Sources */ = {isa = PBXBuildFile; fileRef = DF3EA7A01FF7633E0032F2ED /* DCConnectionManager.m */; };
		DFAB8EA61FF7616200938F4F /* DaydreamLib.m in Sources */ = {isa = PBXBuildFile; fileRef = DFAB8EA51FF7616200938F4F /* DaydreamLib.m */; };
		DFAB8EA71FF7616200938F4F /* DaydreamLib.h in CopyFiles */ = {isa = PBXBuildFile; fileRef = DFAB8EA41FF7616200938F4F /* DaydreamLib.h */; };
		DFAB8EAB1FF7618100938F4F /* DCTouchpad.m in Sources */ = {isa = PBXBuildFile; fileRef = DF47D59C1FF70D2E00339EF8 /* DCTouchpad.m */; };
		DFAB8EAD1FF7618100938F4F /* DCControllerButton.m in Sources */ = {isa = PBXBuildFile; fileRef = DF47D59F1FF70EBE00339EF8 /* DCControllerButton.m */; };
		DFAB8EAE1FF7618100938F4F /* CoreBluetooth+Extensions.m in Sources */ = {isa = PBXBuildFile; fileRef = DFD55E5E1FF715A600959076 /* CoreBluetooth+Extensions.m */; };
		DFAB8EAF1FF7618100938F4F /* DCControllerState.m in Sources */ = {isa = PBXBuildFile; fileRef = DF47D5961FF6F89200339EF8 /* DCControllerState.m */; };
		DFAB8EB01FF7618100938F4F /* Vect3.m in Sources */ = {isa = PBXBuildFile; fileRef = DF47D5931FF6F10400339EF8 /* Vect3.m */; };
		DFAB8EB11FF7618100938F4F /* NSData+Extensions.m in Sources */ = {isa = PBXBuildFile; fileRef = DF4078181FF71B2A006E2C3C /* NSData+Extensions.m */; };
		DFAB8EB21FF7618100938F4F /* Quaternion.m in Sources */ = {isa = PBXBuildFile; fileRef = DF47D5901FF6F02700339EF8 /* Quaternion.m */; };
		DFAB8EB31FF7618100938F4F /* DCController.m in Sources */ = {isa = PBXBuildFile; fileRef = DF47D5991FF6FF7A00339EF8 /* DCController.m */; };
		DFAB8EB41FF7618100938F4F /* OrientationDataParsing.m in Sources */ = {isa = PBXBuildFile; fileRef = DFA7105E1FF37BD70053090E /* OrientationDataParsing.m */; };
		DFAB8EB61FF7620B00938F4F /* libDaydreamLib.a in Frameworks */ = {isa = PBXBuildFile; fileRef = DFAB8EA21FF7616200938F4F /* libDaydreamLib.a */; };
/* End PBXBuildFile section */

/* Begin PBXContainerItemProxy section */
		DFAB8EB71FF7621100938F4F /* PBXContainerItemProxy */ = {
			isa = PBXContainerItemProxy;
			containerPortal = 031BC8901E43D8B90007BEA3 /* Project object */;
			proxyType = 1;
			remoteGlobalIDString = DFAB8EA11FF7616200938F4F;
			remoteInfo = DaydreamLib;
		};
/* End PBXContainerItemProxy section */

/* Begin PBXCopyFilesBuildPhase section */
		DFAB8EA01FF7616200938F4F /* CopyFiles */ = {
			isa = PBXCopyFilesBuildPhase;
			buildActionMask = 2147483647;
			dstPath = "include/$(PRODUCT_NAME)";
			dstSubfolderSpec = 16;
			files = (
				DFAB8EA71FF7616200938F4F /* DaydreamLib.h in CopyFiles */,
			);
			runOnlyForDeploymentPostprocessing = 0;
		};
/* End PBXCopyFilesBuildPhase section */

/* Begin PBXFileReference section */
		031BC8981E43D8B90007BEA3 /* DaydreamSample-iOS.app */ = {isa = PBXFileReference; explicitFileType = wrapper.application; includeInIndex = 0; path = "DaydreamSample-iOS.app"; sourceTree = BUILT_PRODUCTS_DIR; };
		031BC89B1E43D8B90007BEA3 /* AppDelegate.swift */ = {isa = PBXFileReference; lastKnownFileType = sourcecode.swift; path = AppDelegate.swift; sourceTree = "<group>"; };
		031BC89D1E43D8B90007BEA3 /* SampleViewController.swift */ = {isa = PBXFileReference; lastKnownFileType = sourcecode.swift; path = SampleViewController.swift; sourceTree = "<group>"; };
		031BC8A21E43D8B90007BEA3 /* Assets.xcassets */ = {isa = PBXFileReference; lastKnownFileType = folder.assetcatalog; path = Assets.xcassets; sourceTree = "<group>"; };
		031BC8A51E43D8B90007BEA3 /* Base */ = {isa = PBXFileReference; lastKnownFileType = file.storyboard; name = Base; path = Base.lproj/LaunchScreen.storyboard; sourceTree = "<group>"; };
		031BC8A71E43D8B90007BEA3 /* Info.plist */ = {isa = PBXFileReference; lastKnownFileType = text.plist.xml; path = Info.plist; sourceTree = "<group>"; };
		031BC8B81E44129C0007BEA3 /* DiscoveryViewController.swift */ = {isa = PBXFileReference; fileEncoding = 4; lastKnownFileType = sourcecode.swift; path = DiscoveryViewController.swift; sourceTree = "<group>"; };
		DF3EA79F1FF7633E0032F2ED /* DCConnectionManager.h */ = {isa = PBXFileReference; lastKnownFileType = sourcecode.c.h; path = DCConnectionManager.h; sourceTree = "<group>"; };
		DF3EA7A01FF7633E0032F2ED /* DCConnectionManager.m */ = {isa = PBXFileReference; lastKnownFileType = sourcecode.c.objc; path = DCConnectionManager.m; sourceTree = "<group>"; };
		DF4078171FF71B2A006E2C3C /* NSData+Extensions.h */ = {isa = PBXFileReference; lastKnownFileType = sourcecode.c.h; path = "NSData+Extensions.h"; sourceTree = "<group>"; };
		DF4078181FF71B2A006E2C3C /* NSData+Extensions.m */ = {isa = PBXFileReference; lastKnownFileType = sourcecode.c.objc; path = "NSData+Extensions.m"; sourceTree = "<group>"; };
		DF47D58F1FF6F02700339EF8 /* Quaternion.h */ = {isa = PBXFileReference; lastKnownFileType = sourcecode.c.h; path = Quaternion.h; sourceTree = "<group>"; };
		DF47D5901FF6F02700339EF8 /* Quaternion.m */ = {isa = PBXFileReference; lastKnownFileType = sourcecode.c.objc; path = Quaternion.m; sourceTree = "<group>"; };
		DF47D5921FF6F10400339EF8 /* Vect3.h */ = {isa = PBXFileReference; lastKnownFileType = sourcecode.c.h; path = Vect3.h; sourceTree = "<group>"; };
		DF47D5931FF6F10400339EF8 /* Vect3.m */ = {isa = PBXFileReference; lastKnownFileType = sourcecode.c.objc; path = Vect3.m; sourceTree = "<group>"; };
		DF47D5951FF6F89200339EF8 /* DCControllerState.h */ = {isa = PBXFileReference; lastKnownFileType = sourcecode.c.h; path = DCControllerState.h; sourceTree = "<group>"; };
		DF47D5961FF6F89200339EF8 /* DCControllerState.m */ = {isa = PBXFileReference; lastKnownFileType = sourcecode.c.objc; path = DCControllerState.m; sourceTree = "<group>"; };
		DF47D5981FF6FF7A00339EF8 /* DCController.h */ = {isa = PBXFileReference; lastKnownFileType = sourcecode.c.h; path = DCController.h; sourceTree = "<group>"; };
		DF47D5991FF6FF7A00339EF8 /* DCController.m */ = {isa = PBXFileReference; lastKnownFileType = sourcecode.c.objc; path = DCController.m; sourceTree = "<group>"; };
		DF47D59B1FF70D2E00339EF8 /* DCTouchpad.h */ = {isa = PBXFileReference; lastKnownFileType = sourcecode.c.h; path = DCTouchpad.h; sourceTree = "<group>"; };
		DF47D59C1FF70D2E00339EF8 /* DCTouchpad.m */ = {isa = PBXFileReference; lastKnownFileType = sourcecode.c.objc; path = DCTouchpad.m; sourceTree = "<group>"; };
		DF47D59E1FF70EBE00339EF8 /* DCControllerButton.h */ = {isa = PBXFileReference; lastKnownFileType = sourcecode.c.h; path = DCControllerButton.h; sourceTree = "<group>"; };
		DF47D59F1FF70EBE00339EF8 /* DCControllerButton.m */ = {isa = PBXFileReference; lastKnownFileType = sourcecode.c.objc; path = DCControllerButton.m; sourceTree = "<group>"; };
		DFA710551FF33FB60053090E /* DaydreamSample-Bridging-Header.h */ = {isa = PBXFileReference; lastKnownFileType = sourcecode.c.h; path = "DaydreamSample-Bridging-Header.h"; sourceTree = "<group>"; };
		DFA7105D1FF37BD70053090E /* OrientationDataParsing.h */ = {isa = PBXFileReference; lastKnownFileType = sourcecode.c.h; path = OrientationDataParsing.h; sourceTree = "<group>"; };
		DFA7105E1FF37BD70053090E /* OrientationDataParsing.m */ = {isa = PBXFileReference; lastKnownFileType = sourcecode.c.objc; path = OrientationDataParsing.m; sourceTree = "<group>"; };
		DFAB8EA21FF7616200938F4F /* libDaydreamLib.a */ = {isa = PBXFileReference; explicitFileType = archive.ar; includeInIndex = 0; path = libDaydreamLib.a; sourceTree = BUILT_PRODUCTS_DIR; };
		DFAB8EA41FF7616200938F4F /* DaydreamLib.h */ = {isa = PBXFileReference; lastKnownFileType = sourcecode.c.h; path = DaydreamLib.h; sourceTree = "<group>"; };
		DFAB8EA51FF7616200938F4F /* DaydreamLib.m */ = {isa = PBXFileReference; lastKnownFileType = sourcecode.c.objc; path = DaydreamLib.m; sourceTree = "<group>"; };
		DFD55E5D1FF715A600959076 /* CoreBluetooth+Extensions.h */ = {isa = PBXFileReference; lastKnownFileType = sourcecode.c.h; path = "CoreBluetooth+Extensions.h"; sourceTree = "<group>"; };
		DFD55E5E1FF715A600959076 /* CoreBluetooth+Extensions.m */ = {isa = PBXFileReference; lastKnownFileType = sourcecode.c.objc; path = "CoreBluetooth+Extensions.m"; sourceTree = "<group>"; };
/* End PBXFileReference section */

/* Begin PBXFrameworksBuildPhase section */
		031BC8951E43D8B90007BEA3 /* Frameworks */ = {
			isa = PBXFrameworksBuildPhase;
			buildActionMask = 2147483647;
			files = (
				DFAB8EB61FF7620B00938F4F /* libDaydreamLib.a in Frameworks */,
			);
			runOnlyForDeploymentPostprocessing = 0;
		};
		DFAB8E9F1FF7616200938F4F /* Frameworks */ = {
			isa = PBXFrameworksBuildPhase;
			buildActionMask = 2147483647;
			files = (
			);
			runOnlyForDeploymentPostprocessing = 0;
		};
/* End PBXFrameworksBuildPhase section */

/* Begin PBXGroup section */
		031BC88F1E43D8B90007BEA3 = {
			isa = PBXGroup;
			children = (
				031BC8AD1E43DFB50007BEA3 /* Daydream */,
				031BC89A1E43D8B90007BEA3 /* iOS Sample */,
				DFAB8EA31FF7616200938F4F /* DaydreamLib */,
				031BC8991E43D8B90007BEA3 /* Products */,
				DFAB8EB51FF7620B00938F4F /* Frameworks */,
			);
			sourceTree = "<group>";
		};
		031BC8991E43D8B90007BEA3 /* Products */ = {
			isa = PBXGroup;
			children = (
				031BC8981E43D8B90007BEA3 /* DaydreamSample-iOS.app */,
				DFAB8EA21FF7616200938F4F /* libDaydreamLib.a */,
			);
			name = Products;
			sourceTree = "<group>";
		};
		031BC89A1E43D8B90007BEA3 /* iOS Sample */ = {
			isa = PBXGroup;
			children = (
				031BC89B1E43D8B90007BEA3 /* AppDelegate.swift */,
				031BC8B81E44129C0007BEA3 /* DiscoveryViewController.swift */,
				031BC89D1E43D8B90007BEA3 /* SampleViewController.swift */,
				031BC8A21E43D8B90007BEA3 /* Assets.xcassets */,
				031BC8A41E43D8B90007BEA3 /* LaunchScreen.storyboard */,
				031BC8A71E43D8B90007BEA3 /* Info.plist */,
			);
			name = "iOS Sample";
			path = DaydreamSample;
			sourceTree = "<group>";
		};
		031BC8AD1E43DFB50007BEA3 /* Daydream */ = {
			isa = PBXGroup;
			children = (
				DFA710551FF33FB60053090E /* DaydreamSample-Bridging-Header.h */,
			);
			name = Daydream;
			sourceTree = "<group>";
		};
		DFAB8EA31FF7616200938F4F /* DaydreamLib */ = {
			isa = PBXGroup;
			children = (
				DFAB8EA41FF7616200938F4F /* DaydreamLib.h */,
				DFAB8EA51FF7616200938F4F /* DaydreamLib.m */,
				DF3EA79F1FF7633E0032F2ED /* DCConnectionManager.h */,
				DF3EA7A01FF7633E0032F2ED /* DCConnectionManager.m */,
				DF47D5981FF6FF7A00339EF8 /* DCController.h */,
				DF47D5991FF6FF7A00339EF8 /* DCController.m */,
				DF47D59B1FF70D2E00339EF8 /* DCTouchpad.h */,
				DF47D59C1FF70D2E00339EF8 /* DCTouchpad.m */,
				DF47D59E1FF70EBE00339EF8 /* DCControllerButton.h */,
				DF47D59F1FF70EBE00339EF8 /* DCControllerButton.m */,
				DF4078171FF71B2A006E2C3C /* NSData+Extensions.h */,
				DF4078181FF71B2A006E2C3C /* NSData+Extensions.m */,
				DFD55E5D1FF715A600959076 /* CoreBluetooth+Extensions.h */,
				DFD55E5E1FF715A600959076 /* CoreBluetooth+Extensions.m */,
				DF47D5951FF6F89200339EF8 /* DCControllerState.h */,
				DF47D5961FF6F89200339EF8 /* DCControllerState.m */,
				DFA7105D1FF37BD70053090E /* OrientationDataParsing.h */,
				DFA7105E1FF37BD70053090E /* OrientationDataParsing.m */,
				DF47D5921FF6F10400339EF8 /* Vect3.h */,
				DF47D5931FF6F10400339EF8 /* Vect3.m */,
				DF47D58F1FF6F02700339EF8 /* Quaternion.h */,
				DF47D5901FF6F02700339EF8 /* Quaternion.m */,
			);
			path = DaydreamLib;
			sourceTree = "<group>";
		};
		DFAB8EB51FF7620B00938F4F /* Frameworks */ = {
			isa = PBXGroup;
			children = (
			);
			name = Frameworks;
			sourceTree = "<group>";
		};
/* End PBXGroup section */

/* Begin PBXNativeTarget section */
		031BC8971E43D8B90007BEA3 /* DaydreamSample-iOS */ = {
			isa = PBXNativeTarget;
			buildConfigurationList = 031BC8AA1E43D8B90007BEA3 /* Build configuration list for PBXNativeTarget "DaydreamSample-iOS" */;
			buildPhases = (
				031BC8941E43D8B90007BEA3 /* Sources */,
				031BC8951E43D8B90007BEA3 /* Frameworks */,
				031BC8961E43D8B90007BEA3 /* Resources */,
			);
			buildRules = (
			);
			dependencies = (
				DFAB8EB81FF7621100938F4F /* PBXTargetDependency */,
			);
			name = "DaydreamSample-iOS";
			productName = DaydreamSample;
			productReference = 031BC8981E43D8B90007BEA3 /* DaydreamSample-iOS.app */;
			productType = "com.apple.product-type.application";
		};
		DFAB8EA11FF7616200938F4F /* DaydreamLib */ = {
			isa = PBXNativeTarget;
			buildConfigurationList = DFAB8EA81FF7616200938F4F /* Build configuration list for PBXNativeTarget "DaydreamLib" */;
			buildPhases = (
				DFAB8E9E1FF7616200938F4F /* Sources */,
				DFAB8E9F1FF7616200938F4F /* Frameworks */,
				DFAB8EA01FF7616200938F4F /* CopyFiles */,
			);
			buildRules = (
			);
			dependencies = (
			);
			name = DaydreamLib;
			productName = DaydreamLib;
			productReference = DFAB8EA21FF7616200938F4F /* libDaydreamLib.a */;
			productType = "com.apple.product-type.library.static";
		};
/* End PBXNativeTarget section */

/* Begin PBXProject section */
		031BC8901E43D8B90007BEA3 /* Project object */ = {
			isa = PBXProject;
			attributes = {
				LastSwiftUpdateCheck = 0820;
				LastUpgradeCheck = 0820;
				ORGANIZATIONNAME = Daydream;
				TargetAttributes = {
					031BC8971E43D8B90007BEA3 = {
						CreatedOnToolsVersion = 8.2.1;
						DevelopmentTeam = 9M5CS7L3FF;
						LastSwiftMigration = 0920;
						ProvisioningStyle = Automatic;
					};
					DFAB8EA11FF7616200938F4F = {
						CreatedOnToolsVersion = 9.2;
						DevelopmentTeam = 9M5CS7L3FF;
						ProvisioningStyle = Automatic;
					};
				};
			};
			buildConfigurationList = 031BC8931E43D8B90007BEA3 /* Build configuration list for PBXProject "DaydreamSample" */;
			compatibilityVersion = "Xcode 3.2";
			developmentRegion = English;
			hasScannedForEncodings = 0;
			knownRegions = (
				en,
				Base,
			);
			mainGroup = 031BC88F1E43D8B90007BEA3;
			productRefGroup = 031BC8991E43D8B90007BEA3 /* Products */;
			projectDirPath = "";
			projectRoot = "";
			targets = (
				031BC8971E43D8B90007BEA3 /* DaydreamSample-iOS */,
				DFAB8EA11FF7616200938F4F /* DaydreamLib */,
			);
		};
/* End PBXProject section */

/* Begin PBXResourcesBuildPhase section */
		031BC8961E43D8B90007BEA3 /* Resources */ = {
			isa = PBXResourcesBuildPhase;
			buildActionMask = 2147483647;
			files = (
				031BC8A61E43D8B90007BEA3 /* LaunchScreen.storyboard in Resources */,
				031BC8A31E43D8B90007BEA3 /* Assets.xcassets in Resources */,
			);
			runOnlyForDeploymentPostprocessing = 0;
		};
/* End PBXResourcesBuildPhase section */

/* Begin PBXSourcesBuildPhase section */
		031BC8941E43D8B90007BEA3 /* Sources */ = {
			isa = PBXSourcesBuildPhase;
			buildActionMask = 2147483647;
			files = (
				031BC89E1E43D8B90007BEA3 /* SampleViewController.swift in Sources */,
				031BC8B91E44129C0007BEA3 /* DiscoveryViewController.swift in Sources */,
				031BC89C1E43D8B90007BEA3 /* AppDelegate.swift in Sources */,
			);
			runOnlyForDeploymentPostprocessing = 0;
		};
		DFAB8E9E1FF7616200938F4F /* Sources */ = {
			isa = PBXSourcesBuildPhase;
			buildActionMask = 2147483647;
			files = (
				DFAB8EAE1FF7618100938F4F /* CoreBluetooth+Extensions.m in Sources */,
				DFAB8EAB1FF7618100938F4F /* DCTouchpad.m in Sources */,
				DFAB8EB21FF7618100938F4F /* Quaternion.m in Sources */,
				DFAB8EAD1FF7618100938F4F /* DCControllerButton.m in Sources */,
				DF3EA7A21FF783160032F2ED /* DCConnectionManager.m in Sources */,
				DFAB8EB41FF7618100938F4F /* OrientationDataParsing.m in Sources */,
				DFAB8EB11FF7618100938F4F /* NSData+Extensions.m in Sources */,
				DFAB8EB01FF7618100938F4F /* Vect3.m in Sources */,
				DFAB8EAF1FF7618100938F4F /* DCControllerState.m in Sources */,
				DFAB8EB31FF7618100938F4F /* DCController.m in Sources */,
				DFAB8EA61FF7616200938F4F /* DaydreamLib.m in Sources */,
			);
			runOnlyForDeploymentPostprocessing = 0;
		};
/* End PBXSourcesBuildPhase section */

/* Begin PBXTargetDependency section */
		DFAB8EB81FF7621100938F4F /* PBXTargetDependency */ = {
			isa = PBXTargetDependency;
			target = DFAB8EA11FF7616200938F4F /* DaydreamLib */;
			targetProxy = DFAB8EB71FF7621100938F4F /* PBXContainerItemProxy */;
		};
/* End PBXTargetDependency section */

/* Begin PBXVariantGroup section */
		031BC8A41E43D8B90007BEA3 /* LaunchScreen.storyboard */ = {
			isa = PBXVariantGroup;
			children = (
				031BC8A51E43D8B90007BEA3 /* Base */,
			);
			name = LaunchScreen.storyboard;
			sourceTree = "<group>";
		};
/* End PBXVariantGroup section */

/* Begin XCBuildConfiguration section */
		031BC8A81E43D8B90007BEA3 /* Debug */ = {
			isa = XCBuildConfiguration;
			buildSettings = {
				ALWAYS_SEARCH_USER_PATHS = NO;
				CLANG_ANALYZER_NONNULL = YES;
				CLANG_CXX_LANGUAGE_STANDARD = "gnu++0x";
				CLANG_CXX_LIBRARY = "libc++";
				CLANG_ENABLE_MODULES = YES;
				CLANG_ENABLE_OBJC_ARC = YES;
				CLANG_WARN_BOOL_CONVERSION = YES;
				CLANG_WARN_CONSTANT_CONVERSION = YES;
				CLANG_WARN_DIRECT_OBJC_ISA_USAGE = YES_ERROR;
				CLANG_WARN_DOCUMENTATION_COMMENTS = YES;
				CLANG_WARN_EMPTY_BODY = YES;
				CLANG_WARN_ENUM_CONVERSION = YES;
				CLANG_WARN_INFINITE_RECURSION = YES;
				CLANG_WARN_INT_CONVERSION = YES;
				CLANG_WARN_OBJC_ROOT_CLASS = YES_ERROR;
				CLANG_WARN_SUSPICIOUS_MOVE = YES;
				CLANG_WARN_UNREACHABLE_CODE = YES;
				CLANG_WARN__DUPLICATE_METHOD_MATCH = YES;
				"CODE_SIGN_IDENTITY[sdk=iphoneos*]" = "iPhone Developer";
				COPY_PHASE_STRIP = NO;
				DEBUG_INFORMATION_FORMAT = dwarf;
				ENABLE_STRICT_OBJC_MSGSEND = YES;
				ENABLE_TESTABILITY = YES;
				GCC_C_LANGUAGE_STANDARD = gnu99;
				GCC_DYNAMIC_NO_PIC = NO;
				GCC_NO_COMMON_BLOCKS = YES;
				GCC_OPTIMIZATION_LEVEL = 0;
				GCC_PREPROCESSOR_DEFINITIONS = (
					"DEBUG=1",
					"$(inherited)",
				);
				GCC_WARN_64_TO_32_BIT_CONVERSION = YES;
				GCC_WARN_ABOUT_RETURN_TYPE = YES_ERROR;
				GCC_WARN_UNDECLARED_SELECTOR = YES;
				GCC_WARN_UNINITIALIZED_AUTOS = YES_AGGRESSIVE;
				GCC_WARN_UNUSED_FUNCTION = YES;
				GCC_WARN_UNUSED_VARIABLE = YES;
				MTL_ENABLE_DEBUG_INFO = YES;
				ONLY_ACTIVE_ARCH = YES;
				OTHER_LDFLAGS = "-ObjC";
				SDKROOT = iphoneos;
				SWIFT_ACTIVE_COMPILATION_CONDITIONS = DEBUG;
				SWIFT_OPTIMIZATION_LEVEL = "-Onone";
			};
			name = Debug;
		};
		031BC8A91E43D8B90007BEA3 /* Release */ = {
			isa = XCBuildConfiguration;
			buildSettings = {
				ALWAYS_SEARCH_USER_PATHS = NO;
				CLANG_ANALYZER_NONNULL = YES;
				CLANG_CXX_LANGUAGE_STANDARD = "gnu++0x";
				CLANG_CXX_LIBRARY = "libc++";
				CLANG_ENABLE_MODULES = YES;
				CLANG_ENABLE_OBJC_ARC = YES;
				CLANG_WARN_BOOL_CONVERSION = YES;
				CLANG_WARN_CONSTANT_CONVERSION = YES;
				CLANG_WARN_DIRECT_OBJC_ISA_USAGE = YES_ERROR;
				CLANG_WARN_DOCUMENTATION_COMMENTS = YES;
				CLANG_WARN_EMPTY_BODY = YES;
				CLANG_WARN_ENUM_CONVERSION = YES;
				CLANG_WARN_INFINITE_RECURSION = YES;
				CLANG_WARN_INT_CONVERSION = YES;
				CLANG_WARN_OBJC_ROOT_CLASS = YES_ERROR;
				CLANG_WARN_SUSPICIOUS_MOVE = YES;
				CLANG_WARN_UNREACHABLE_CODE = YES;
				CLANG_WARN__DUPLICATE_METHOD_MATCH = YES;
				"CODE_SIGN_IDENTITY[sdk=iphoneos*]" = "iPhone Developer";
				COPY_PHASE_STRIP = NO;
				DEBUG_INFORMATION_FORMAT = "dwarf-with-dsym";
				ENABLE_NS_ASSERTIONS = NO;
				ENABLE_STRICT_OBJC_MSGSEND = YES;
				GCC_C_LANGUAGE_STANDARD = gnu99;
				GCC_NO_COMMON_BLOCKS = YES;
				GCC_WARN_64_TO_32_BIT_CONVERSION = YES;
				GCC_WARN_ABOUT_RETURN_TYPE = YES_ERROR;
				GCC_WARN_UNDECLARED_SELECTOR = YES;
				GCC_WARN_UNINITIALIZED_AUTOS = YES_AGGRESSIVE;
				GCC_WARN_UNUSED_FUNCTION = YES;
				GCC_WARN_UNUSED_VARIABLE = YES;
				MTL_ENABLE_DEBUG_INFO = NO;
				OTHER_LDFLAGS = "-ObjC";
				SDKROOT = iphoneos;
				SWIFT_OPTIMIZATION_LEVEL = "-Owholemodule";
				VALIDATE_PRODUCT = YES;
			};
			name = Release;
		};
		031BC8AB1E43D8B90007BEA3 /* Debug */ = {
			isa = XCBuildConfiguration;
			buildSettings = {
				ASSETCATALOG_COMPILER_APPICON_NAME = AppIcon;
				CLANG_ENABLE_MODULES = YES;
				DEVELOPMENT_TEAM = 9M5CS7L3FF;
				INFOPLIST_FILE = DaydreamSample/Info.plist;
				LD_RUNPATH_SEARCH_PATHS = "$(inherited) @executable_path/Frameworks";
				PRODUCT_BUNDLE_IDENTIFIER = com.Daydream.DaydreamSample;
				PRODUCT_NAME = "$(TARGET_NAME)";
				SWIFT_OBJC_BRIDGING_HEADER = "DaydreamSample-Bridging-Header.h";
				SWIFT_OPTIMIZATION_LEVEL = "-Onone";
				SWIFT_VERSION = 3.0;
			};
			name = Debug;
		};
		031BC8AC1E43D8B90007BEA3 /* Release */ = {
			isa = XCBuildConfiguration;
			buildSettings = {
				ASSETCATALOG_COMPILER_APPICON_NAME = AppIcon;
				CLANG_ENABLE_MODULES = YES;
				DEVELOPMENT_TEAM = 9M5CS7L3FF;
				INFOPLIST_FILE = DaydreamSample/Info.plist;
				LD_RUNPATH_SEARCH_PATHS = "$(inherited) @executable_path/Frameworks";
				PRODUCT_BUNDLE_IDENTIFIER = com.Daydream.DaydreamSample;
				PRODUCT_NAME = "$(TARGET_NAME)";
				SWIFT_OBJC_BRIDGING_HEADER = "DaydreamSample-Bridging-Header.h";
				SWIFT_VERSION = 3.0;
			};
			name = Release;
		};
		DFAB8EA91FF7616200938F4F /* Debug */ = {
			isa = XCBuildConfiguration;
			buildSettings = {
				CLANG_ANALYZER_NUMBER_OBJECT_CONVERSION = YES_AGGRESSIVE;
				CLANG_CXX_LANGUAGE_STANDARD = "gnu++14";
				CLANG_WARN_BLOCK_CAPTURE_AUTORELEASING = YES;
				CLANG_WARN_COMMA = YES;
				CLANG_WARN_NON_LITERAL_NULL_CONVERSION = YES;
				CLANG_WARN_OBJC_LITERAL_CONVERSION = YES;
				CLANG_WARN_RANGE_LOOP_ANALYSIS = YES;
				CLANG_WARN_STRICT_PROTOTYPES = YES;
				CLANG_WARN_UNGUARDED_AVAILABILITY = YES_AGGRESSIVE;
				CODE_SIGN_IDENTITY = "iPhone Developer";
				CODE_SIGN_STYLE = Automatic;
				DEVELOPMENT_TEAM = 9M5CS7L3FF;
				GCC_C_LANGUAGE_STANDARD = gnu11;
				IPHONEOS_DEPLOYMENT_TARGET = 11.2;
				OTHER_LDFLAGS = "-ObjC";
				PRODUCT_NAME = "$(TARGET_NAME)";
				SKIP_INSTALL = YES;
				TARGETED_DEVICE_FAMILY = "1,2";
			};
			name = Debug;
		};
		DFAB8EAA1FF7616200938F4F /* Release */ = {
			isa = XCBuildConfiguration;
			buildSettings = {
				CLANG_ANALYZER_NUMBER_OBJECT_CONVERSION = YES_AGGRESSIVE;
				CLANG_CXX_LANGUAGE_STANDARD = "gnu++14";
				CLANG_WARN_BLOCK_CAPTURE_AUTORELEASING = YES;
				CLANG_WARN_COMMA = YES;
				CLANG_WARN_NON_LITERAL_NULL_CONVERSION = YES;
				CLANG_WARN_OBJC_LITERAL_CONVERSION = YES;
				CLANG_WARN_RANGE_LOOP_ANALYSIS = YES;
				CLANG_WARN_STRICT_PROTOTYPES = YES;
				CLANG_WARN_UNGUARDED_AVAILABILITY = YES_AGGRESSIVE;
				CODE_SIGN_IDENTITY = "iPhone Developer";
				CODE_SIGN_STYLE = Automatic;
				DEVELOPMENT_TEAM = 9M5CS7L3FF;
				GCC_C_LANGUAGE_STANDARD = gnu11;
				IPHONEOS_DEPLOYMENT_TARGET = 11.2;
				OTHER_LDFLAGS = "-ObjC";
				PRODUCT_NAME = "$(TARGET_NAME)";
				SKIP_INSTALL = YES;
				TARGETED_DEVICE_FAMILY = "1,2";
			};
			name = Release;
		};
/* End XCBuildConfiguration section */

/* Begin XCConfigurationList section */
		031BC8931E43D8B90007BEA3 /* Build configuration list for PBXProject "DaydreamSample" */ = {
			isa = XCConfigurationList;
			buildConfigurations = (
				031BC8A81E43D8B90007BEA3 /* Debug */,
				031BC8A91E43D8B90007BEA3 /* Release */,
			);
			defaultConfigurationIsVisible = 0;
			defaultConfigurationName = Release;
		};
		031BC8AA1E43D8B90007BEA3 /* Build configuration list for PBXNativeTarget "DaydreamSample-iOS" */ = {
			isa = XCConfigurationList;
			buildConfigurations = (
				031BC8AB1E43D8B90007BEA3 /* Debug */,
				031BC8AC1E43D8B90007BEA3 /* Release */,
			);
			defaultConfigurationIsVisible = 0;
			defaultConfigurationName = Release;
		};
		DFAB8EA81FF7616200938F4F /* Build configuration list for PBXNativeTarget "DaydreamLib" */ = {
			isa = XCConfigurationList;
			buildConfigurations = (
				DFAB8EA91FF7616200938F4F /* Debug */,
				DFAB8EAA1FF7616200938F4F /* Release */,
			);
			defaultConfigurationIsVisible = 0;
			defaultConfigurationName = Release;
		};
/* End XCConfigurationList section */
	};
	rootObject = 031BC8901E43D8B90007BEA3 /* Project object */;
}
