// !$*UTF8*$!
{
	archiveVersion = 1;
	classes = {
	};
	objectVersion = 46;
	objects = {

/* Begin PBXBuildFile section */
		031BC89C1E43D8B90007BEA3 /* AppDelegate.swift in Sources */ = {isa = PBXBuildFile; fileRef = 031BC89B1E43D8B90007BEA3 /* AppDelegate.swift */; };
		031BC89E1E43D8B90007BEA3 /* SampleViewController.swift in Sources */ = {isa = PBXBuildFile; fileRef = 031BC89D1E43D8B90007BEA3 /* SampleViewController.swift */; };
		031BC8A31E43D8B90007BEA3 /* Assets.xcassets in Resources */ = {isa = PBXBuildFile; fileRef = 031BC8A21E43D8B90007BEA3 /* Assets.xcassets */; };
		031BC8A61E43D8B90007BEA3 /* LaunchScreen.storyboard in Resources */ = {isa = PBXBuildFile; fileRef = 031BC8A41E43D8B90007BEA3 /* LaunchScreen.storyboard */; };
		031BC8B21E43DFC90007BEA3 /* DDController.swift in Sources */ = {isa = PBXBuildFile; fileRef = 031BC8AE1E43DFC90007BEA3 /* DDController.swift */; };
		031BC8B31E43DFC90007BEA3 /* DDControllerButton.swift in Sources */ = {isa = PBXBuildFile; fileRef = 031BC8AF1E43DFC90007BEA3 /* DDControllerButton.swift */; };
		031BC8B51E43DFC90007BEA3 /* DDControllerTouchpad.swift in Sources */ = {isa = PBXBuildFile; fileRef = 031BC8B11E43DFC90007BEA3 /* DDControllerTouchpad.swift */; };
		031BC8B91E44129C0007BEA3 /* DiscoveryViewController.swift in Sources */ = {isa = PBXBuildFile; fileRef = 031BC8B81E44129C0007BEA3 /* DiscoveryViewController.swift */; };
		DF47D5911FF6F02700339EF8 /* Quaternion.m in Sources */ = {isa = PBXBuildFile; fileRef = DF47D5901FF6F02700339EF8 /* Quaternion.m */; };
		DF47D5941FF6F10400339EF8 /* Vect3.m in Sources */ = {isa = PBXBuildFile; fileRef = DF47D5931FF6F10400339EF8 /* Vect3.m */; };
		DF47D5971FF6F89200339EF8 /* DCControllerState.m in Sources */ = {isa = PBXBuildFile; fileRef = DF47D5961FF6F89200339EF8 /* DCControllerState.m */; };
		DF47D59A1FF6FF7A00339EF8 /* DCController.m in Sources */ = {isa = PBXBuildFile; fileRef = DF47D5991FF6FF7A00339EF8 /* DCController.m */; };
		DFA7105F1FF37BD70053090E /* OrientationDataParsing.m in Sources */ = {isa = PBXBuildFile; fileRef = DFA7105E1FF37BD70053090E /* OrientationDataParsing.m */; };
		DFEF11CF1FF5D41100725486 /* DDConnectionManager.swift in Sources */ = {isa = PBXBuildFile; fileRef = DFEF11CE1FF5D41100725486 /* DDConnectionManager.swift */; };
		DFEF11D11FF5D43400725486 /* Data+Extensions.swift in Sources */ = {isa = PBXBuildFile; fileRef = DFEF11D01FF5D43400725486 /* Data+Extensions.swift */; };
		DFEF11D31FF5D44700725486 /* CoreBluetooth+Extensions.swift in Sources */ = {isa = PBXBuildFile; fileRef = DFEF11D21FF5D44700725486 /* CoreBluetooth+Extensions.swift */; };
/* End PBXBuildFile section */

/* Begin PBXFileReference section */
		031BC8981E43D8B90007BEA3 /* DaydreamSample.app */ = {isa = PBXFileReference; explicitFileType = wrapper.application; includeInIndex = 0; path = DaydreamSample.app; sourceTree = BUILT_PRODUCTS_DIR; };
		031BC89B1E43D8B90007BEA3 /* AppDelegate.swift */ = {isa = PBXFileReference; lastKnownFileType = sourcecode.swift; path = AppDelegate.swift; sourceTree = "<group>"; };
		031BC89D1E43D8B90007BEA3 /* SampleViewController.swift */ = {isa = PBXFileReference; lastKnownFileType = sourcecode.swift; path = SampleViewController.swift; sourceTree = "<group>"; };
		031BC8A21E43D8B90007BEA3 /* Assets.xcassets */ = {isa = PBXFileReference; lastKnownFileType = folder.assetcatalog; path = Assets.xcassets; sourceTree = "<group>"; };
		031BC8A51E43D8B90007BEA3 /* Base */ = {isa = PBXFileReference; lastKnownFileType = file.storyboard; name = Base; path = Base.lproj/LaunchScreen.storyboard; sourceTree = "<group>"; };
		031BC8A71E43D8B90007BEA3 /* Info.plist */ = {isa = PBXFileReference; lastKnownFileType = text.plist.xml; path = Info.plist; sourceTree = "<group>"; };
		031BC8AE1E43DFC90007BEA3 /* DDController.swift */ = {isa = PBXFileReference; fileEncoding = 4; lastKnownFileType = sourcecode.swift; name = DDController.swift; path = ../Sources/DDController.swift; sourceTree = "<group>"; };
		031BC8AF1E43DFC90007BEA3 /* DDControllerButton.swift */ = {isa = PBXFileReference; fileEncoding = 4; lastKnownFileType = sourcecode.swift; name = DDControllerButton.swift; path = ../Sources/DDControllerButton.swift; sourceTree = "<group>"; };
		031BC8B11E43DFC90007BEA3 /* DDControllerTouchpad.swift */ = {isa = PBXFileReference; fileEncoding = 4; lastKnownFileType = sourcecode.swift; name = DDControllerTouchpad.swift; path = ../Sources/DDControllerTouchpad.swift; sourceTree = "<group>"; };
		031BC8B81E44129C0007BEA3 /* DiscoveryViewController.swift */ = {isa = PBXFileReference; fileEncoding = 4; lastKnownFileType = sourcecode.swift; path = DiscoveryViewController.swift; sourceTree = "<group>"; };
		DF47D58F1FF6F02700339EF8 /* Quaternion.h */ = {isa = PBXFileReference; lastKnownFileType = sourcecode.c.h; name = Quaternion.h; path = ../Sources/Quaternion.h; sourceTree = "<group>"; };
		DF47D5901FF6F02700339EF8 /* Quaternion.m */ = {isa = PBXFileReference; lastKnownFileType = sourcecode.c.objc; name = Quaternion.m; path = ../Sources/Quaternion.m; sourceTree = "<group>"; };
		DF47D5921FF6F10400339EF8 /* Vect3.h */ = {isa = PBXFileReference; lastKnownFileType = sourcecode.c.h; name = Vect3.h; path = ../Sources/Vect3.h; sourceTree = "<group>"; };
		DF47D5931FF6F10400339EF8 /* Vect3.m */ = {isa = PBXFileReference; lastKnownFileType = sourcecode.c.objc; name = Vect3.m; path = ../Sources/Vect3.m; sourceTree = "<group>"; };
		DF47D5951FF6F89200339EF8 /* DCControllerState.h */ = {isa = PBXFileReference; lastKnownFileType = sourcecode.c.h; name = DCControllerState.h; path = ../Sources/DCControllerState.h; sourceTree = "<group>"; };
		DF47D5961FF6F89200339EF8 /* DCControllerState.m */ = {isa = PBXFileReference; lastKnownFileType = sourcecode.c.objc; name = DCControllerState.m; path = ../Sources/DCControllerState.m; sourceTree = "<group>"; };
		DF47D5981FF6FF7A00339EF8 /* DCController.h */ = {isa = PBXFileReference; lastKnownFileType = sourcecode.c.h; name = DCController.h; path = ../Sources/DCController.h; sourceTree = "<group>"; };
		DF47D5991FF6FF7A00339EF8 /* DCController.m */ = {isa = PBXFileReference; lastKnownFileType = sourcecode.c.objc; name = DCController.m; path = ../Sources/DCController.m; sourceTree = "<group>"; };
		DFA710551FF33FB60053090E /* DaydreamSample-Bridging-Header.h */ = {isa = PBXFileReference; lastKnownFileType = sourcecode.c.h; path = "DaydreamSample-Bridging-Header.h"; sourceTree = "<group>"; };
		DFA7105D1FF37BD70053090E /* OrientationDataParsing.h */ = {isa = PBXFileReference; lastKnownFileType = sourcecode.c.h; name = OrientationDataParsing.h; path = ../Sources/OrientationDataParsing.h; sourceTree = "<group>"; };
		DFA7105E1FF37BD70053090E /* OrientationDataParsing.m */ = {isa = PBXFileReference; lastKnownFileType = sourcecode.c.objc; name = OrientationDataParsing.m; path = ../Sources/OrientationDataParsing.m; sourceTree = "<group>"; };
		DFEF11CE1FF5D41100725486 /* DDConnectionManager.swift */ = {isa = PBXFileReference; lastKnownFileType = sourcecode.swift; name = DDConnectionManager.swift; path = ../Sources/DDConnectionManager.swift; sourceTree = "<group>"; };
		DFEF11D01FF5D43400725486 /* Data+Extensions.swift */ = {isa = PBXFileReference; lastKnownFileType = sourcecode.swift; name = "Data+Extensions.swift"; path = "../Sources/Data+Extensions.swift"; sourceTree = "<group>"; };
		DFEF11D21FF5D44700725486 /* CoreBluetooth+Extensions.swift */ = {isa = PBXFileReference; lastKnownFileType = sourcecode.swift; name = "CoreBluetooth+Extensions.swift"; path = "../Sources/CoreBluetooth+Extensions.swift"; sourceTree = "<group>"; };
/* End PBXFileReference section */

/* Begin PBXFrameworksBuildPhase section */
		031BC8951E43D8B90007BEA3 /* Frameworks */ = {
			isa = PBXFrameworksBuildPhase;
			buildActionMask = 2147483647;
			files = (
			);
			runOnlyForDeploymentPostprocessing = 0;
		};
/* End PBXFrameworksBuildPhase section */

/* Begin PBXGroup section */
		031BC88F1E43D8B90007BEA3 = {
			isa = PBXGroup;
			children = (
				031BC8AD1E43DFB50007BEA3 /* Daydream */,
				031BC89A1E43D8B90007BEA3 /* Sample */,
				031BC8991E43D8B90007BEA3 /* Products */,
			);
			sourceTree = "<group>";
		};
		031BC8991E43D8B90007BEA3 /* Products */ = {
			isa = PBXGroup;
			children = (
				031BC8981E43D8B90007BEA3 /* DaydreamSample.app */,
			);
			name = Products;
			sourceTree = "<group>";
		};
		031BC89A1E43D8B90007BEA3 /* Sample */ = {
			isa = PBXGroup;
			children = (
				031BC89B1E43D8B90007BEA3 /* AppDelegate.swift */,
				031BC8B81E44129C0007BEA3 /* DiscoveryViewController.swift */,
				031BC89D1E43D8B90007BEA3 /* SampleViewController.swift */,
				031BC8A21E43D8B90007BEA3 /* Assets.xcassets */,
				031BC8A41E43D8B90007BEA3 /* LaunchScreen.storyboard */,
				031BC8A71E43D8B90007BEA3 /* Info.plist */,
			);
			name = Sample;
			path = DaydreamSample;
			sourceTree = "<group>";
		};
		031BC8AD1E43DFB50007BEA3 /* Daydream */ = {
			isa = PBXGroup;
			children = (
				DF47D5981FF6FF7A00339EF8 /* DCController.h */,
				DF47D5991FF6FF7A00339EF8 /* DCController.m */,
				031BC8AE1E43DFC90007BEA3 /* DDController.swift */,
				DFEF11CE1FF5D41100725486 /* DDConnectionManager.swift */,
				DFEF11D01FF5D43400725486 /* Data+Extensions.swift */,
				DFEF11D21FF5D44700725486 /* CoreBluetooth+Extensions.swift */,
				031BC8AF1E43DFC90007BEA3 /* DDControllerButton.swift */,
				031BC8B11E43DFC90007BEA3 /* DDControllerTouchpad.swift */,
				DF47D5951FF6F89200339EF8 /* DCControllerState.h */,
				DF47D5961FF6F89200339EF8 /* DCControllerState.m */,
				DFA710551FF33FB60053090E /* DaydreamSample-Bridging-Header.h */,
				DFA7105D1FF37BD70053090E /* OrientationDataParsing.h */,
				DFA7105E1FF37BD70053090E /* OrientationDataParsing.m */,
				DF47D5921FF6F10400339EF8 /* Vect3.h */,
				DF47D5931FF6F10400339EF8 /* Vect3.m */,
				DF47D58F1FF6F02700339EF8 /* Quaternion.h */,
				DF47D5901FF6F02700339EF8 /* Quaternion.m */,
			);
			name = Daydream;
			sourceTree = "<group>";
		};
/* End PBXGroup section */

/* Begin PBXNativeTarget section */
		031BC8971E43D8B90007BEA3 /* DaydreamSample */ = {
			isa = PBXNativeTarget;
			buildConfigurationList = 031BC8AA1E43D8B90007BEA3 /* Build configuration list for PBXNativeTarget "DaydreamSample" */;
			buildPhases = (
				031BC8941E43D8B90007BEA3 /* Sources */,
				031BC8951E43D8B90007BEA3 /* Frameworks */,
				031BC8961E43D8B90007BEA3 /* Resources */,
			);
			buildRules = (
			);
			dependencies = (
			);
			name = DaydreamSample;
			productName = DaydreamSample;
			productReference = 031BC8981E43D8B90007BEA3 /* DaydreamSample.app */;
			productType = "com.apple.product-type.application";
		};
/* End PBXNativeTarget section */

/* Begin PBXProject section */
		031BC8901E43D8B90007BEA3 /* Project object */ = {
			isa = PBXProject;
			attributes = {
				LastSwiftUpdateCheck = 0820;
				LastUpgradeCheck = 0820;
				ORGANIZATIONNAME = Daydream;
				TargetAttributes = {
					031BC8971E43D8B90007BEA3 = {
						CreatedOnToolsVersion = 8.2.1;
						DevelopmentTeam = 9M5CS7L3FF;
						LastSwiftMigration = 0920;
						ProvisioningStyle = Automatic;
					};
				};
			};
			buildConfigurationList = 031BC8931E43D8B90007BEA3 /* Build configuration list for PBXProject "DaydreamSample" */;
			compatibilityVersion = "Xcode 3.2";
			developmentRegion = English;
			hasScannedForEncodings = 0;
			knownRegions = (
				en,
				Base,
			);
			mainGroup = 031BC88F1E43D8B90007BEA3;
			productRefGroup = 031BC8991E43D8B90007BEA3 /* Products */;
			projectDirPath = "";
			projectRoot = "";
			targets = (
				031BC8971E43D8B90007BEA3 /* DaydreamSample */,
			);
		};
/* End PBXProject section */

/* Begin PBXResourcesBuildPhase section */
		031BC8961E43D8B90007BEA3 /* Resources */ = {
			isa = PBXResourcesBuildPhase;
			buildActionMask = 2147483647;
			files = (
				031BC8A61E43D8B90007BEA3 /* LaunchScreen.storyboard in Resources */,
				031BC8A31E43D8B90007BEA3 /* Assets.xcassets in Resources */,
			);
			runOnlyForDeploymentPostprocessing = 0;
		};
/* End PBXResourcesBuildPhase section */

/* Begin PBXSourcesBuildPhase section */
		031BC8941E43D8B90007BEA3 /* Sources */ = {
			isa = PBXSourcesBuildPhase;
			buildActionMask = 2147483647;
			files = (
				031BC89E1E43D8B90007BEA3 /* SampleViewController.swift in Sources */,
				031BC8B21E43DFC90007BEA3 /* DDController.swift in Sources */,
				DFEF11D31FF5D44700725486 /* CoreBluetooth+Extensions.swift in Sources */,
				031BC8B91E44129C0007BEA3 /* DiscoveryViewController.swift in Sources */,
				DF47D59A1FF6FF7A00339EF8 /* DCController.m in Sources */,
				DF47D5911FF6F02700339EF8 /* Quaternion.m in Sources */,
				DF47D5971FF6F89200339EF8 /* DCControllerState.m in Sources */,
				DFEF11CF1FF5D41100725486 /* DDConnectionManager.swift in Sources */,
				DFA7105F1FF37BD70053090E /* OrientationDataParsing.m in Sources */,
				031BC89C1E43D8B90007BEA3 /* AppDelegate.swift in Sources */,
				DFEF11D11FF5D43400725486 /* Data+Extensions.swift in Sources */,
				DF47D5941FF6F10400339EF8 /* Vect3.m in Sources */,
				031BC8B31E43DFC90007BEA3 /* DDControllerButton.swift in Sources */,
				031BC8B51E43DFC90007BEA3 /* DDControllerTouchpad.swift in Sources */,
			);
			runOnlyForDeploymentPostprocessing = 0;
		};
/* End PBXSourcesBuildPhase section */

/* Begin PBXVariantGroup section */
		031BC8A41E43D8B90007BEA3 /* LaunchScreen.storyboard */ = {
			isa = PBXVariantGroup;
			children = (
				031BC8A51E43D8B90007BEA3 /* Base */,
			);
			name = LaunchScreen.storyboard;
			sourceTree = "<group>";
		};
/* End PBXVariantGroup section */

/* Begin XCBuildConfiguration section */
		031BC8A81E43D8B90007BEA3 /* Debug */ = {
			isa = XCBuildConfiguration;
			buildSettings = {
				ALWAYS_SEARCH_USER_PATHS = NO;
				CLANG_ANALYZER_NONNULL = YES;
				CLANG_CXX_LANGUAGE_STANDARD = "gnu++0x";
				CLANG_CXX_LIBRARY = "libc++";
				CLANG_ENABLE_MODULES = YES;
				CLANG_ENABLE_OBJC_ARC = YES;
				CLANG_WARN_BOOL_CONVERSION = YES;
				CLANG_WARN_CONSTANT_CONVERSION = YES;
				CLANG_WARN_DIRECT_OBJC_ISA_USAGE = YES_ERROR;
				CLANG_WARN_DOCUMENTATION_COMMENTS = YES;
				CLANG_WARN_EMPTY_BODY = YES;
				CLANG_WARN_ENUM_CONVERSION = YES;
				CLANG_WARN_INFINITE_RECURSION = YES;
				CLANG_WARN_INT_CONVERSION = YES;
				CLANG_WARN_OBJC_ROOT_CLASS = YES_ERROR;
				CLANG_WARN_SUSPICIOUS_MOVE = YES;
				CLANG_WARN_UNREACHABLE_CODE = YES;
				CLANG_WARN__DUPLICATE_METHOD_MATCH = YES;
				"CODE_SIGN_IDENTITY[sdk=iphoneos*]" = "iPhone Developer";
				COPY_PHASE_STRIP = NO;
				DEBUG_INFORMATION_FORMAT = dwarf;
				ENABLE_STRICT_OBJC_MSGSEND = YES;
				ENABLE_TESTABILITY = YES;
				GCC_C_LANGUAGE_STANDARD = gnu99;
				GCC_DYNAMIC_NO_PIC = NO;
				GCC_NO_COMMON_BLOCKS = YES;
				GCC_OPTIMIZATION_LEVEL = 0;
				GCC_PREPROCESSOR_DEFINITIONS = (
					"DEBUG=1",
					"$(inherited)",
				);
				GCC_WARN_64_TO_32_BIT_CONVERSION = YES;
				GCC_WARN_ABOUT_RETURN_TYPE = YES_ERROR;
				GCC_WARN_UNDECLARED_SELECTOR = YES;
				GCC_WARN_UNINITIALIZED_AUTOS = YES_AGGRESSIVE;
				GCC_WARN_UNUSED_FUNCTION = YES;
				GCC_WARN_UNUSED_VARIABLE = YES;
				IPHONEOS_DEPLOYMENT_TARGET = 10.2;
				MTL_ENABLE_DEBUG_INFO = YES;
				ONLY_ACTIVE_ARCH = YES;
				SDKROOT = iphoneos;
				SWIFT_ACTIVE_COMPILATION_CONDITIONS = DEBUG;
				SWIFT_OPTIMIZATION_LEVEL = "-Onone";
			};
			name = Debug;
		};
		031BC8A91E43D8B90007BEA3 /* Release */ = {
			isa = XCBuildConfiguration;
			buildSettings = {
				ALWAYS_SEARCH_USER_PATHS = NO;
				CLANG_ANALYZER_NONNULL = YES;
				CLANG_CXX_LANGUAGE_STANDARD = "gnu++0x";
				CLANG_CXX_LIBRARY = "libc++";
				CLANG_ENABLE_MODULES = YES;
				CLANG_ENABLE_OBJC_ARC = YES;
				CLANG_WARN_BOOL_CONVERSION = YES;
				CLANG_WARN_CONSTANT_CONVERSION = YES;
				CLANG_WARN_DIRECT_OBJC_ISA_USAGE = YES_ERROR;
				CLANG_WARN_DOCUMENTATION_COMMENTS = YES;
				CLANG_WARN_EMPTY_BODY = YES;
				CLANG_WARN_ENUM_CONVERSION = YES;
				CLANG_WARN_INFINITE_RECURSION = YES;
				CLANG_WARN_INT_CONVERSION = YES;
				CLANG_WARN_OBJC_ROOT_CLASS = YES_ERROR;
				CLANG_WARN_SUSPICIOUS_MOVE = YES;
				CLANG_WARN_UNREACHABLE_CODE = YES;
				CLANG_WARN__DUPLICATE_METHOD_MATCH = YES;
				"CODE_SIGN_IDENTITY[sdk=iphoneos*]" = "iPhone Developer";
				COPY_PHASE_STRIP = NO;
				DEBUG_INFORMATION_FORMAT = "dwarf-with-dsym";
				ENABLE_NS_ASSERTIONS = NO;
				ENABLE_STRICT_OBJC_MSGSEND = YES;
				GCC_C_LANGUAGE_STANDARD = gnu99;
				GCC_NO_COMMON_BLOCKS = YES;
				GCC_WARN_64_TO_32_BIT_CONVERSION = YES;
				GCC_WARN_ABOUT_RETURN_TYPE = YES_ERROR;
				GCC_WARN_UNDECLARED_SELECTOR = YES;
				GCC_WARN_UNINITIALIZED_AUTOS = YES_AGGRESSIVE;
				GCC_WARN_UNUSED_FUNCTION = YES;
				GCC_WARN_UNUSED_VARIABLE = YES;
				IPHONEOS_DEPLOYMENT_TARGET = 10.2;
				MTL_ENABLE_DEBUG_INFO = NO;
				SDKROOT = iphoneos;
				SWIFT_OPTIMIZATION_LEVEL = "-Owholemodule";
				VALIDATE_PRODUCT = YES;
			};
			name = Release;
		};
		031BC8AB1E43D8B90007BEA3 /* Debug */ = {
			isa = XCBuildConfiguration;
			buildSettings = {
				ASSETCATALOG_COMPILER_APPICON_NAME = AppIcon;
				CLANG_ENABLE_MODULES = YES;
				DEVELOPMENT_TEAM = 9M5CS7L3FF;
				INFOPLIST_FILE = DaydreamSample/Info.plist;
				LD_RUNPATH_SEARCH_PATHS = "$(inherited) @executable_path/Frameworks";
				PRODUCT_BUNDLE_IDENTIFIER = com.Daydream.DaydreamSample;
				PRODUCT_NAME = "$(TARGET_NAME)";
				SWIFT_OBJC_BRIDGING_HEADER = "DaydreamSample-Bridging-Header.h";
				SWIFT_OPTIMIZATION_LEVEL = "-Onone";
				SWIFT_VERSION = 3.0;
			};
			name = Debug;
		};
		031BC8AC1E43D8B90007BEA3 /* Release */ = {
			isa = XCBuildConfiguration;
			buildSettings = {
				ASSETCATALOG_COMPILER_APPICON_NAME = AppIcon;
				CLANG_ENABLE_MODULES = YES;
				DEVELOPMENT_TEAM = 9M5CS7L3FF;
				INFOPLIST_FILE = DaydreamSample/Info.plist;
				LD_RUNPATH_SEARCH_PATHS = "$(inherited) @executable_path/Frameworks";
				PRODUCT_BUNDLE_IDENTIFIER = com.Daydream.DaydreamSample;
				PRODUCT_NAME = "$(TARGET_NAME)";
				SWIFT_OBJC_BRIDGING_HEADER = "DaydreamSample-Bridging-Header.h";
				SWIFT_VERSION = 3.0;
			};
			name = Release;
		};
/* End XCBuildConfiguration section */

/* Begin XCConfigurationList section */
		031BC8931E43D8B90007BEA3 /* Build configuration list for PBXProject "DaydreamSample" */ = {
			isa = XCConfigurationList;
			buildConfigurations = (
				031BC8A81E43D8B90007BEA3 /* Debug */,
				031BC8A91E43D8B90007BEA3 /* Release */,
			);
			defaultConfigurationIsVisible = 0;
			defaultConfigurationName = Release;
		};
		031BC8AA1E43D8B90007BEA3 /* Build configuration list for PBXNativeTarget "DaydreamSample" */ = {
			isa = XCConfigurationList;
			buildConfigurations = (
				031BC8AB1E43D8B90007BEA3 /* Debug */,
				031BC8AC1E43D8B90007BEA3 /* Release */,
			);
			defaultConfigurationIsVisible = 0;
			defaultConfigurationName = Release;
		};
/* End XCConfigurationList section */
	};
	rootObject = 031BC8901E43D8B90007BEA3 /* Project object */;
}
